# THIS IS AN AUTOGENERATED FILE. DO NOT EDIT THIS FILE DIRECTLY.
# yarn lockfile v1


binary-parser@^1.1.5:
  version "1.3.2"
  resolved "https://registry.yarnpkg.com/binary-parser/-/binary-parser-1.3.2.tgz#5bd04f948ada1a6d78c528762308a9a335d63db9"

binary@^0.3.0:
  version "0.3.0"
  resolved "https://registry.yarnpkg.com/binary/-/binary-0.3.0.tgz#9f60553bc5ce8c3386f3b553cff47462adecaa79"
  dependencies:
    buffers "~0.1.1"
    chainsaw "~0.1.0"

buffers@~0.1.1:
  version "0.1.1"
  resolved "https://registry.yarnpkg.com/buffers/-/buffers-0.1.1.tgz#b24579c3bed4d6d396aeee6d9a8ae7f5482ab7bb"

chainsaw@~0.1.0:
  version "0.1.0"
  resolved "https://registry.yarnpkg.com/chainsaw/-/chainsaw-0.1.0.tgz#5eab50b28afe58074d0d58291388828b5e5fbc98"
  dependencies:
    traverse ">=0.3.0 <0.4"

currify@^2.0.3:
  version "2.0.6"
  resolved "https://registry.yarnpkg.com/currify/-/currify-2.0.6.tgz#86064386778e315c043382d53ba278efc6a9ef87"

es6-promise@^4.1.1:
  version "4.2.4"
  resolved "https://registry.yarnpkg.com/es6-promise/-/es6-promise-4.2.4.tgz#dc4221c2b16518760bd8c39a52d8f356fc00ed29"

fullstore@^1.0.0:
  version "1.1.0"
  resolved "https://registry.yarnpkg.com/fullstore/-/fullstore-1.1.0.tgz#a7a8b00ca07d86faca05fb825c45e5d1c3bba97e"

smalltalk@^2.1.3:
  version "2.5.1"
  resolved "https://registry.yarnpkg.com/smalltalk/-/smalltalk-2.5.1.tgz#488176544010f8a1defd38adb1367a25ac489de2"
  dependencies:
    currify "^2.0.3"
    es6-promise "^4.1.1"
    fullstore "^1.0.0"

"traverse@>=0.3.0 <0.4":
  version "0.3.9"
  resolved "https://registry.yarnpkg.com/traverse/-/traverse-0.3.9.tgz#717b8f220cc0bb7b44e40514c22b2e8bbc70d8b9"
